PODS:
  - Alamofire (4.7.1)
  - FontAwesome.swift (1.3.2)
  - Hero (1.2.0)
  - Hue (3.0.1)
  - SandKattFoundation (0.5.4):
    - Alamofire
    - FontAwesome.swift
    - SwiftyBeaver
  - SwiftyBeaver (1.5.2)

DEPENDENCIES:
  - Hero
  - Hue
  - SandKattFoundation

SPEC REPOS:
  https://github.com/CocoaPods/Specs.git:
    - Alamofire
    - FontAwesome.swift
    - Hero
    - Hue
    - SandKattFoundation
    - SwiftyBeaver

SPEC CHECKSUMS:
  Alamofire: 68d7d521118d49c615a8d2214d87cdf525599d30
  FontAwesome.swift: b4e4c8ccbbecb12f9b592bc533ff237af3706667
  Hero: 33dadf2cd1c98af71e213dcbc2902e6e03622a4e
  Hue: 93e852fa6211ab35922ad8c293f51c43d6c79eb2
  SandKattFoundation: 49e407eab83d48178bc25cec0e08778f8f78bd6c
  SwiftyBeaver: 85daaaa2b3ae6e31b7b55c99430e8b91dac088af

PODFILE CHECKSUM: 51a988fa2a07850e83530a0b1f65d72522745cab

COCOAPODS: 1.5.0
